
Microsoft Visual Studio Solution File, Format Version 12.00
# Visual Studio Version 17
VisualStudioVersion = 17.10.34928.147
MinimumVisualStudioVersion = 10.0.40219.1
Project("{FAE04EC0-301F-11D3-BF4B-00C04F79EFBC}") = "CheckOfPassword", "CheckOfPassword.csproj", "{306A61BC-B170-4C4D-8C0E-A49C47638D8B}"
EndProject
Project("{FAE04EC0-301F-11D3-BF4B-00C04F79EFBC}") = "CheckOfPassword.Tests", "..\CheckOfPassword.Tests\CheckOfPassword.Tests.csproj", "{64BAEC68-7ACB-4B98-880E-30B518E0D4F0}"
EndProject
Global
	GlobalSection(SolutionConfigurationPlatforms) = preSolution
		Debug|Any CPU = Debug|Any CPU
		Release|Any CPU = Release|Any CPU
	EndGlobalSection
	GlobalSection(ProjectConfigurationPlatforms) = postSolution
		{306A61BC-B170-4C4D-8C0E-A49C47638D8B}.Debug|Any CPU.ActiveCfg = Debug|Any CPU
		{306A61BC-B170-4C4D-8C0E-A49C47638D8B}.Debug|Any CPU.Build.0 = Debug|Any CPU
		{306A61BC-B170-4C4D-8C0E-A49C47638D8B}.Release|Any CPU.ActiveCfg = Release|Any CPU
		{306A61BC-B170-4C4D-8C0E-A49C47638D8B}.Release|Any CPU.Build.0 = Release|Any CPU
		{64BAEC68-7ACB-4B98-880E-30B518E0D4F0}.Debug|Any CPU.ActiveCfg = Debug|Any CPU
		{64BAEC68-7ACB-4B98-880E-30B518E0D4F0}.Debug|Any CPU.Build.0 = Debug|Any CPU
		{64BAEC68-7ACB-4B98-880E-30B518E0D4F0}.Release|Any CPU.ActiveCfg = Release|Any CPU
		{64BAEC68-7ACB-4B98-880E-30B518E0D4F0}.Release|Any CPU.Build.0 = Release|Any CPU
	EndGlobalSection
	GlobalSection(SolutionProperties) = preSolution
		HideSolutionNode = FALSE
	EndGlobalSection
	GlobalSection(ExtensibilityGlobals) = postSolution
		SolutionGuid = {339D795A-DCD9-48F4-BD60-951B69F4ED13}
	EndGlobalSection
EndGlobal
